{
  "nodes": {
    "fenix": {
      "inputs": {
        "nixpkgs": [
          "nixpkgs"
        ],
        "rust-analyzer-src": "rust-analyzer-src"
      },
      "locked": {
        "lastModified": 1764744176,
        "narHash": "sha256-MksxY4Y6ybzUnU9CgqcAhhj8sFqdNiIbzVbO2VSczFk=",
        "owner": "nix-community",
        "repo": "fenix",
        "rev": "41fb8b3ae267c2bfeede3f99898dc52a6d893dfc",
        "type": "github"
      },
      "original": {
        "owner": "nix-community",
        "repo": "fenix",
        "type": "github"
      }
    },
    "nixpkgs": {
      "locked": {
        "lastModified": 1764642553,
        "narHash": "sha256-mvbFFzVBhVK1FjyPHZGMAKpNiqkr7k++xIwy+p/NQvA=",
        "owner": "nixos",
        "repo": "nixpkgs",
        "rev": "f720de59066162ee879adcc8c79e15c51fe6bfb4",
        "type": "github"
      },
      "original": {
        "owner": "nixos",
        "ref": "nixpkgs-unstable",
        "repo": "nixpkgs",
        "type": "github"
      }
    },
    "root": {
      "inputs": {
        "fenix": "fenix",
        "nixpkgs": "nixpkgs",
        "semgrep-rules": "semgrep-rules",
        "systems": "systems",
        "trev": "trev"
      }
    },
    "rust-analyzer-src": {
      "flake": false,
      "locked": {
        "lastModified": 1764704125,
        "narHash": "sha256-dt9B8HzKJGbUN420+n3w985hC4H7TdISbabP/XVvCHA=",
        "owner": "rust-lang",
        "repo": "rust-analyzer",
        "rev": "f42c15ba54264c11dd6362510551209c67f9aa15",
        "type": "github"
      },
      "original": {
        "owner": "rust-lang",
        "ref": "nightly",
        "repo": "rust-analyzer",
        "type": "github"
      }
    },
    "semgrep-rules": {
      "flake": false,
      "locked": {
        "lastModified": 1764007879,
        "narHash": "sha256-YBa6DJnMaIBDGERaqHiXG15t2Sdb1noqY7f/C0OtVbQ=",
        "owner": "semgrep",
        "repo": "semgrep-rules",
        "rev": "1b69c3f93aa04267fd85fc668d2df168245ce776",
        "type": "github"
      },
      "original": {
        "owner": "semgrep",
        "repo": "semgrep-rules",
        "type": "github"
      }
    },
    "systems": {
      "locked": {
        "lastModified": 1681028828,
        "narHash": "sha256-Vy1rq5AaRuLzOxct8nz4T6wlgyUR7zLU309k9mBC768=",
        "owner": "nix-systems",
        "repo": "default",
        "rev": "da67096a3b9bf56a91d16901293e51ba5b49a27e",
        "type": "github"
      },
      "original": {
        "owner": "nix-systems",
        "repo": "default",
        "type": "github"
      }
    },
    "trev": {
      "inputs": {
        "nixpkgs": [
          "nixpkgs"
        ],
        "systems": [
          "systems"
        ]
      },
      "locked": {
        "lastModified": 1764753313,
        "narHash": "sha256-fxyat2PXoglhcSbfWorrBIK2O0tp+3QaxeAq6o6Fqk8=",
        "owner": "spotdemo4",
        "repo": "nur",
        "rev": "4827bf690b1a82b7285ca1dd1f8b0765de357865",
        "type": "github"
      },
      "original": {
        "owner": "spotdemo4",
        "repo": "nur",
        "type": "github"
      }
    }
  },
  "root": "root",
  "version": 7
}
