{
  "nodes": {
    "fenix": {
      "inputs": {
        "nixpkgs": [
          "nixpkgs"
        ],
        "rust-analyzer-src": "rust-analyzer-src"
      },
      "locked": {
        "lastModified": 1771052630,
        "narHash": "sha256-R/52n/XyyWHYL1Mw0Q0GFF/nxyRyaE8gkLyfvi+ebxU=",
        "owner": "nix-community",
        "repo": "fenix",
        "rev": "d0555da98576b8611c25df0c208e51e9a182d95f",
        "type": "github"
      },
      "original": {
        "owner": "nix-community",
        "repo": "fenix",
        "type": "github"
      }
    },
    "nixpkgs": {
      "locked": {
        "lastModified": 1770843696,
        "narHash": "sha256-LovWTGDwXhkfCOmbgLVA10bvsi/P8eDDpRudgk68HA8=",
        "owner": "nixos",
        "repo": "nixpkgs",
        "rev": "2343bbb58f99267223bc2aac4fc9ea301a155a16",
        "type": "github"
      },
      "original": {
        "owner": "nixos",
        "ref": "nixpkgs-unstable",
        "repo": "nixpkgs",
        "type": "github"
      }
    },
    "root": {
      "inputs": {
        "fenix": "fenix",
        "nixpkgs": "nixpkgs",
        "systems": "systems",
        "trev": "trev"
      }
    },
    "rust-analyzer-src": {
      "flake": false,
      "locked": {
        "lastModified": 1771007332,
        "narHash": "sha256-K5Ym2R9oXBBAew2DfIC/dVjjkYo7nB5DbRGb5a3Fkq8=",
        "owner": "rust-lang",
        "repo": "rust-analyzer",
        "rev": "bbc84d335fbbd9b3099d3e40c7469ee57dbd1873",
        "type": "github"
      },
      "original": {
        "owner": "rust-lang",
        "ref": "nightly",
        "repo": "rust-analyzer",
        "type": "github"
      }
    },
    "systems": {
      "locked": {
        "lastModified": 1681028828,
        "narHash": "sha256-Vy1rq5AaRuLzOxct8nz4T6wlgyUR7zLU309k9mBC768=",
        "owner": "nix-systems",
        "repo": "default",
        "rev": "da67096a3b9bf56a91d16901293e51ba5b49a27e",
        "type": "github"
      },
      "original": {
        "owner": "nix-systems",
        "repo": "default",
        "type": "github"
      }
    },
    "trev": {
      "inputs": {
        "nixpkgs": [
          "nixpkgs"
        ],
        "systems": [
          "systems"
        ]
      },
      "locked": {
        "lastModified": 1771061866,
        "narHash": "sha256-SLzo+BU17nqHqt5JcawTib6TsOrqcwceh1oV5BP9eXs=",
        "owner": "spotdemo4",
        "repo": "nur",
        "rev": "71d1911678e4694f852cd1976bf95bb5d89b9d2b",
        "type": "github"
      },
      "original": {
        "owner": "spotdemo4",
        "repo": "nur",
        "type": "github"
      }
    }
  },
  "root": "root",
  "version": 7
}
